
Microsoft Visual Studio Solution File, Format Version 12.00
# Visual Studio Version 16
VisualStudioVersion = 16.0.808.2
MinimumVisualStudioVersion = 10.0.40219.1
Project("{FAE04EC0-301F-11D3-BF4B-00C04F79EFBC}") = "RedVelvet.Android", "RedVelvet.Android\RedVelvet.Android.csproj", "{0A8C6F72-1C93-4E63-BD90-ED1B16D0A3A5}"
EndProject
Project("{FAE04EC0-301F-11D3-BF4B-00C04F79EFBC}") = "RedVelvet.UITests", "RedVelvet.UITests\RedVelvet.UITests.csproj", "{1A554304-8753-4637-A0D0-C2F7E7117C04}"
EndProject
Project("{FAE04EC0-301F-11D3-BF4B-00C04F79EFBC}") = "RedVelvet", "RedVelvet\RedVelvet.csproj", "{47D54370-8CEA-4527-B1C7-E197F180799D}"
EndProject
Global
	GlobalSection(SolutionConfigurationPlatforms) = preSolution
		Debug|Any CPU = Debug|Any CPU
		Release|Any CPU = Release|Any CPU
	EndGlobalSection
	GlobalSection(ProjectConfigurationPlatforms) = postSolution
		{0A8C6F72-1C93-4E63-BD90-ED1B16D0A3A5}.Debug|Any CPU.ActiveCfg = Debug|Any CPU
		{0A8C6F72-1C93-4E63-BD90-ED1B16D0A3A5}.Debug|Any CPU.Build.0 = Debug|Any CPU
		{0A8C6F72-1C93-4E63-BD90-ED1B16D0A3A5}.Release|Any CPU.ActiveCfg = Release|Any CPU
		{0A8C6F72-1C93-4E63-BD90-ED1B16D0A3A5}.Release|Any CPU.Build.0 = Release|Any CPU
		{1A554304-8753-4637-A0D0-C2F7E7117C04}.Debug|Any CPU.ActiveCfg = Debug|Any CPU
		{1A554304-8753-4637-A0D0-C2F7E7117C04}.Debug|Any CPU.Build.0 = Debug|Any CPU
		{1A554304-8753-4637-A0D0-C2F7E7117C04}.Release|Any CPU.ActiveCfg = Release|Any CPU
		{1A554304-8753-4637-A0D0-C2F7E7117C04}.Release|Any CPU.Build.0 = Release|Any CPU
		{47D54370-8CEA-4527-B1C7-E197F180799D}.Debug|Any CPU.ActiveCfg = Debug|Any CPU
		{47D54370-8CEA-4527-B1C7-E197F180799D}.Debug|Any CPU.Build.0 = Debug|Any CPU
		{47D54370-8CEA-4527-B1C7-E197F180799D}.Release|Any CPU.ActiveCfg = Release|Any CPU
		{47D54370-8CEA-4527-B1C7-E197F180799D}.Release|Any CPU.Build.0 = Release|Any CPU
	EndGlobalSection
	GlobalSection(SolutionProperties) = preSolution
		HideSolutionNode = FALSE
	EndGlobalSection
	GlobalSection(ExtensibilityGlobals) = postSolution
		SolutionGuid = {B90034A5-74B8-47A9-8C9C-F3DA6C7596E2}
	EndGlobalSection
EndGlobal
